
Microsoft Visual Studio Solution File, Format Version 12.00
# Visual Studio Version 16
VisualStudioVersion = 16.0.30717.126
MinimumVisualStudioVersion = 10.0.40219.1
Project("{9A19103F-16F7-4668-BE54-9A1E7A4F7556}") = "NewLife.CMX", "NewLife.CMX\NewLife.CMX.csproj", "{4C2CF9BB-B920-43F5-9D87-B7288E416795}"
EndProject
Project("{9A19103F-16F7-4668-BE54-9A1E7A4F7556}") = "NewLife.CMX.Web", "NewLife.CMX.Web\NewLife.CMX.Web.csproj", "{A602ACB2-AEF0-49E6-AF40-79D72D247D6B}"
EndProject
Global
	GlobalSection(SolutionConfigurationPlatforms) = preSolution
		Debug|Any CPU = Debug|Any CPU
		Release|Any CPU = Release|Any CPU
	EndGlobalSection
	GlobalSection(ProjectConfigurationPlatforms) = postSolution
		{4C2CF9BB-B920-43F5-9D87-B7288E416795}.Debug|Any CPU.ActiveCfg = Debug|Any CPU
		{4C2CF9BB-B920-43F5-9D87-B7288E416795}.Debug|Any CPU.Build.0 = Debug|Any CPU
		{4C2CF9BB-B920-43F5-9D87-B7288E416795}.Release|Any CPU.ActiveCfg = Release|Any CPU
		{4C2CF9BB-B920-43F5-9D87-B7288E416795}.Release|Any CPU.Build.0 = Release|Any CPU
		{A602ACB2-AEF0-49E6-AF40-79D72D247D6B}.Debug|Any CPU.ActiveCfg = Debug|Any CPU
		{A602ACB2-AEF0-49E6-AF40-79D72D247D6B}.Debug|Any CPU.Build.0 = Debug|Any CPU
		{A602ACB2-AEF0-49E6-AF40-79D72D247D6B}.Release|Any CPU.ActiveCfg = Release|Any CPU
		{A602ACB2-AEF0-49E6-AF40-79D72D247D6B}.Release|Any CPU.Build.0 = Release|Any CPU
	EndGlobalSection
	GlobalSection(SolutionProperties) = preSolution
		HideSolutionNode = FALSE
	EndGlobalSection
	GlobalSection(ExtensibilityGlobals) = postSolution
		SolutionGuid = {452B5E56-E430-46B3-8574-97B594D74E18}
	EndGlobalSection
EndGlobal
