
Microsoft Visual Studio Solution File, Format Version 11.00
# Visual Studio 2010
Project("{FAE04EC0-301F-11D3-BF4B-00C04F79EFBC}") = "NewLife.CMX", "NewLife.CMX\NewLife.CMX.csproj", "{4C2CF9BB-B920-43F5-9D87-B7288E416795}"
EndProject
Project("{E24C65DC-7377-472B-9ABA-BC803B73C61A}") = "Web", "Web\", "{0173B5B3-3287-48BE-A136-C258C35E4210}"
	ProjectSection(WebsiteProperties) = preProject
		TargetFrameworkMoniker = ".NETFramework,Version%3Dv2.0"
		ProjectReferences = "{4c2cf9bb-b920-43f5-9d87-b7288e416795}|NewLife.CMX.dll;"
		Debug.AspNetCompiler.VirtualPath = "/Web"
		Debug.AspNetCompiler.PhysicalPath = "Web\"
		Debug.AspNetCompiler.TargetPath = "PrecompiledWeb\Web\"
		Debug.AspNetCompiler.Updateable = "true"
		Debug.AspNetCompiler.ForceOverwrite = "true"
		Debug.AspNetCompiler.FixedNames = "false"
		Debug.AspNetCompiler.Debug = "True"
		Release.AspNetCompiler.VirtualPath = "/Web"
		Release.AspNetCompiler.PhysicalPath = "Web\"
		Release.AspNetCompiler.TargetPath = "PrecompiledWeb\Web\"
		Release.AspNetCompiler.Updateable = "true"
		Release.AspNetCompiler.ForceOverwrite = "true"
		Release.AspNetCompiler.FixedNames = "false"
		Release.AspNetCompiler.Debug = "False"
		VWDPort = "39459"
	EndProjectSection
EndProject
Project("{FAE04EC0-301F-11D3-BF4B-00C04F79EFBC}") = "NewLife.Core", "NewLife.Core\NewLife.Core.csproj", "{5813C22E-EEB3-4DEE-A45C-BB218041193A}"
EndProject
Project("{FAE04EC0-301F-11D3-BF4B-00C04F79EFBC}") = "XCode", "XCode\XCode.csproj", "{B49ABA5A-C5DA-45F4-87F1-B435EC51D710}"
EndProject
Project("{FAE04EC0-301F-11D3-BF4B-00C04F79EFBC}") = "NewLife.CommonEntity", "NewLife.CommonEntity\NewLife.CommonEntity.csproj", "{50D7FAE5-2304-4395-A6FA-7D35279D9D84}"
EndProject
Project("{FAE04EC0-301F-11D3-BF4B-00C04F79EFBC}") = "NewLife.CMX.Web", "NewLife.CMX.Web\NewLife.CMX.Web.csproj", "{D22F1350-D58B-44E5-B6BB-1D2A5E7FCC66}"
EndProject
Project("{FAE04EC0-301F-11D3-BF4B-00C04F79EFBC}") = "XTemplate", "XTemplate\XTemplate.csproj", "{55BA37EE-01A2-438F-A0FB-6B57440BF2F0}"
EndProject
Global
	GlobalSection(SolutionConfigurationPlatforms) = preSolution
		Debug|Any CPU = Debug|Any CPU
		Net4Debug|Any CPU = Net4Debug|Any CPU
		Net4Release|Any CPU = Net4Release|Any CPU
		Release|Any CPU = Release|Any CPU
	EndGlobalSection
	GlobalSection(ProjectConfigurationPlatforms) = postSolution
		{4C2CF9BB-B920-43F5-9D87-B7288E416795}.Debug|Any CPU.ActiveCfg = Debug|Any CPU
		{4C2CF9BB-B920-43F5-9D87-B7288E416795}.Debug|Any CPU.Build.0 = Debug|Any CPU
		{4C2CF9BB-B920-43F5-9D87-B7288E416795}.Net4Debug|Any CPU.ActiveCfg = Debug|Any CPU
		{4C2CF9BB-B920-43F5-9D87-B7288E416795}.Net4Debug|Any CPU.Build.0 = Debug|Any CPU
		{4C2CF9BB-B920-43F5-9D87-B7288E416795}.Net4Release|Any CPU.ActiveCfg = Release|Any CPU
		{4C2CF9BB-B920-43F5-9D87-B7288E416795}.Net4Release|Any CPU.Build.0 = Release|Any CPU
		{4C2CF9BB-B920-43F5-9D87-B7288E416795}.Release|Any CPU.ActiveCfg = Release|Any CPU
		{4C2CF9BB-B920-43F5-9D87-B7288E416795}.Release|Any CPU.Build.0 = Release|Any CPU
		{0173B5B3-3287-48BE-A136-C258C35E4210}.Debug|Any CPU.ActiveCfg = Debug|Any CPU
		{0173B5B3-3287-48BE-A136-C258C35E4210}.Debug|Any CPU.Build.0 = Debug|Any CPU
		{0173B5B3-3287-48BE-A136-C258C35E4210}.Net4Debug|Any CPU.ActiveCfg = Debug|Any CPU
		{0173B5B3-3287-48BE-A136-C258C35E4210}.Net4Debug|Any CPU.Build.0 = Debug|Any CPU
		{0173B5B3-3287-48BE-A136-C258C35E4210}.Net4Release|Any CPU.ActiveCfg = Debug|Any CPU
		{0173B5B3-3287-48BE-A136-C258C35E4210}.Net4Release|Any CPU.Build.0 = Debug|Any CPU
		{0173B5B3-3287-48BE-A136-C258C35E4210}.Release|Any CPU.ActiveCfg = Debug|Any CPU
		{0173B5B3-3287-48BE-A136-C258C35E4210}.Release|Any CPU.Build.0 = Debug|Any CPU
		{5813C22E-EEB3-4DEE-A45C-BB218041193A}.Debug|Any CPU.ActiveCfg = Debug|Any CPU
		{5813C22E-EEB3-4DEE-A45C-BB218041193A}.Debug|Any CPU.Build.0 = Debug|Any CPU
		{5813C22E-EEB3-4DEE-A45C-BB218041193A}.Net4Debug|Any CPU.ActiveCfg = Net4Debug|Any CPU
		{5813C22E-EEB3-4DEE-A45C-BB218041193A}.Net4Debug|Any CPU.Build.0 = Net4Debug|Any CPU
		{5813C22E-EEB3-4DEE-A45C-BB218041193A}.Net4Release|Any CPU.ActiveCfg = Net4Release|Any CPU
		{5813C22E-EEB3-4DEE-A45C-BB218041193A}.Net4Release|Any CPU.Build.0 = Net4Release|Any CPU
		{5813C22E-EEB3-4DEE-A45C-BB218041193A}.Release|Any CPU.ActiveCfg = Release|Any CPU
		{5813C22E-EEB3-4DEE-A45C-BB218041193A}.Release|Any CPU.Build.0 = Release|Any CPU
		{B49ABA5A-C5DA-45F4-87F1-B435EC51D710}.Debug|Any CPU.ActiveCfg = Debug|Any CPU
		{B49ABA5A-C5DA-45F4-87F1-B435EC51D710}.Debug|Any CPU.Build.0 = Debug|Any CPU
		{B49ABA5A-C5DA-45F4-87F1-B435EC51D710}.Net4Debug|Any CPU.ActiveCfg = Net4Debug|Any CPU
		{B49ABA5A-C5DA-45F4-87F1-B435EC51D710}.Net4Debug|Any CPU.Build.0 = Net4Debug|Any CPU
		{B49ABA5A-C5DA-45F4-87F1-B435EC51D710}.Net4Release|Any CPU.ActiveCfg = Net4Release|Any CPU
		{B49ABA5A-C5DA-45F4-87F1-B435EC51D710}.Net4Release|Any CPU.Build.0 = Net4Release|Any CPU
		{B49ABA5A-C5DA-45F4-87F1-B435EC51D710}.Release|Any CPU.ActiveCfg = Release|Any CPU
		{B49ABA5A-C5DA-45F4-87F1-B435EC51D710}.Release|Any CPU.Build.0 = Release|Any CPU
		{50D7FAE5-2304-4395-A6FA-7D35279D9D84}.Debug|Any CPU.ActiveCfg = Debug|Any CPU
		{50D7FAE5-2304-4395-A6FA-7D35279D9D84}.Debug|Any CPU.Build.0 = Debug|Any CPU
		{50D7FAE5-2304-4395-A6FA-7D35279D9D84}.Net4Debug|Any CPU.ActiveCfg = Net4Debug|Any CPU
		{50D7FAE5-2304-4395-A6FA-7D35279D9D84}.Net4Debug|Any CPU.Build.0 = Net4Debug|Any CPU
		{50D7FAE5-2304-4395-A6FA-7D35279D9D84}.Net4Release|Any CPU.ActiveCfg = Net4Release|Any CPU
		{50D7FAE5-2304-4395-A6FA-7D35279D9D84}.Net4Release|Any CPU.Build.0 = Net4Release|Any CPU
		{50D7FAE5-2304-4395-A6FA-7D35279D9D84}.Release|Any CPU.ActiveCfg = Release|Any CPU
		{50D7FAE5-2304-4395-A6FA-7D35279D9D84}.Release|Any CPU.Build.0 = Release|Any CPU
		{D22F1350-D58B-44E5-B6BB-1D2A5E7FCC66}.Debug|Any CPU.ActiveCfg = Debug|Any CPU
		{D22F1350-D58B-44E5-B6BB-1D2A5E7FCC66}.Debug|Any CPU.Build.0 = Debug|Any CPU
		{D22F1350-D58B-44E5-B6BB-1D2A5E7FCC66}.Net4Debug|Any CPU.ActiveCfg = Debug|Any CPU
		{D22F1350-D58B-44E5-B6BB-1D2A5E7FCC66}.Net4Debug|Any CPU.Build.0 = Debug|Any CPU
		{D22F1350-D58B-44E5-B6BB-1D2A5E7FCC66}.Net4Release|Any CPU.ActiveCfg = Release|Any CPU
		{D22F1350-D58B-44E5-B6BB-1D2A5E7FCC66}.Net4Release|Any CPU.Build.0 = Release|Any CPU
		{D22F1350-D58B-44E5-B6BB-1D2A5E7FCC66}.Release|Any CPU.ActiveCfg = Release|Any CPU
		{D22F1350-D58B-44E5-B6BB-1D2A5E7FCC66}.Release|Any CPU.Build.0 = Release|Any CPU
		{55BA37EE-01A2-438F-A0FB-6B57440BF2F0}.Debug|Any CPU.ActiveCfg = Debug|Any CPU
		{55BA37EE-01A2-438F-A0FB-6B57440BF2F0}.Debug|Any CPU.Build.0 = Debug|Any CPU
		{55BA37EE-01A2-438F-A0FB-6B57440BF2F0}.Net4Debug|Any CPU.ActiveCfg = Net4Debug|Any CPU
		{55BA37EE-01A2-438F-A0FB-6B57440BF2F0}.Net4Debug|Any CPU.Build.0 = Net4Debug|Any CPU
		{55BA37EE-01A2-438F-A0FB-6B57440BF2F0}.Net4Release|Any CPU.ActiveCfg = Net4Release|Any CPU
		{55BA37EE-01A2-438F-A0FB-6B57440BF2F0}.Net4Release|Any CPU.Build.0 = Net4Release|Any CPU
		{55BA37EE-01A2-438F-A0FB-6B57440BF2F0}.Release|Any CPU.ActiveCfg = Release|Any CPU
		{55BA37EE-01A2-438F-A0FB-6B57440BF2F0}.Release|Any CPU.Build.0 = Release|Any CPU
	EndGlobalSection
	GlobalSection(SolutionProperties) = preSolution
		HideSolutionNode = FALSE
	EndGlobalSection
EndGlobal
